
Microsoft Visual Studio Solution File, Format Version 12.00
# Visual Studio Version 17
VisualStudioVersion = 17.5.33414.496
MinimumVisualStudioVersion = 10.0.40219.1
Project("{9A19103F-16F7-4668-BE54-9A1E7A4F7556}") = "HotelReservation", "HotelReservation\HotelReservation.csproj", "{B96B6947-AE42-4B17-AB00-0A8AE557C270}"
EndProject
Project("{2150E333-8FDC-42A3-9474-1A3956D46DE8}") = "ApiConsume", "ApiConsume", "{28071E69-8933-4C76-A783-8FE95843A90F}"
EndProject
Project("{2150E333-8FDC-42A3-9474-1A3956D46DE8}") = "Frontend", "Frontend", "{1C6C7804-C755-47BB-849E-CA4AD4AE1F73}"
EndProject
Project("{2150E333-8FDC-42A3-9474-1A3956D46DE8}") = "ToDoList", "ToDoList", "{0B056A23-958D-453D-A6EE-28ACA4BCB58D}"
EndProject
Project("{9A19103F-16F7-4668-BE54-9A1E7A4F7556}") = "HotelReservation", "ApiConsume\WebApplication1\HotelReservation.csproj", "{82E44C45-D8FD-4A92-97F0-86B264768F70}"
EndProject
Project("{9A19103F-16F7-4668-BE54-9A1E7A4F7556}") = "EntityLayer", "EntityLayer\EntityLayer.csproj", "{83F46A04-6CAD-4215-B65D-D486C96CADFC}"
EndProject
Project("{9A19103F-16F7-4668-BE54-9A1E7A4F7556}") = "BusinessLayer", "BusinessLayer\BusinessLayer.csproj", "{36DB19AB-F88E-4BB1-8F83-9B32EB7C8D7B}"
EndProject
Project("{9A19103F-16F7-4668-BE54-9A1E7A4F7556}") = "DataAccessLayer", "DataAccessLayer\DataAccessLayer.csproj", "{E13B5196-54B6-4A47-B0FF-8EAB8A568FF8}"
EndProject
Project("{9A19103F-16F7-4668-BE54-9A1E7A4F7556}") = "WebUI", "WebUI\WebUI.csproj", "{96EA17FA-0FE5-479F-BE41-0AAEACE7A33E}"
EndProject
Project("{9A19103F-16F7-4668-BE54-9A1E7A4F7556}") = "DTOLayer", "DTOLayer\DTOLayer.csproj", "{F8CECB4A-8B9C-48CD-84E6-C570BD1B3D97}"
EndProject
Project("{2150E333-8FDC-42A3-9474-1A3956D46DE8}") = "RapidApi", "RapidApi", "{60AD0594-5947-454D-8EF3-433FF2BBA362}"
EndProject
Project("{9A19103F-16F7-4668-BE54-9A1E7A4F7556}") = "RapidApiConsume", "RapidApiConsume\RapidApiConsume.csproj", "{04A49164-0C5C-4D42-8536-11CD4605FD0C}"
EndProject
Project("{2150E333-8FDC-42A3-9474-1A3956D46DE8}") = "JwtProject", "JwtProject", "{611525AD-B129-4B99-A3E0-C3767A9FF814}"
EndProject
Project("{FAE04EC0-301F-11D3-BF4B-00C04F79EFBC}") = "WebApiJwt", "JwtProject\WebApiJwt\WebApiJwt.csproj", "{078AD16D-4D36-4BF2-8D6C-C1D4C535A972}"
EndProject
Global
	GlobalSection(SolutionConfigurationPlatforms) = preSolution
		Debug|Any CPU = Debug|Any CPU
		Release|Any CPU = Release|Any CPU
	EndGlobalSection
	GlobalSection(ProjectConfigurationPlatforms) = postSolution
		{B96B6947-AE42-4B17-AB00-0A8AE557C270}.Debug|Any CPU.ActiveCfg = Debug|Any CPU
		{B96B6947-AE42-4B17-AB00-0A8AE557C270}.Debug|Any CPU.Build.0 = Debug|Any CPU
		{B96B6947-AE42-4B17-AB00-0A8AE557C270}.Release|Any CPU.ActiveCfg = Release|Any CPU
		{B96B6947-AE42-4B17-AB00-0A8AE557C270}.Release|Any CPU.Build.0 = Release|Any CPU
		{82E44C45-D8FD-4A92-97F0-86B264768F70}.Debug|Any CPU.ActiveCfg = Debug|Any CPU
		{82E44C45-D8FD-4A92-97F0-86B264768F70}.Debug|Any CPU.Build.0 = Debug|Any CPU
		{82E44C45-D8FD-4A92-97F0-86B264768F70}.Release|Any CPU.ActiveCfg = Release|Any CPU
		{82E44C45-D8FD-4A92-97F0-86B264768F70}.Release|Any CPU.Build.0 = Release|Any CPU
		{83F46A04-6CAD-4215-B65D-D486C96CADFC}.Debug|Any CPU.ActiveCfg = Debug|Any CPU
		{83F46A04-6CAD-4215-B65D-D486C96CADFC}.Debug|Any CPU.Build.0 = Debug|Any CPU
		{83F46A04-6CAD-4215-B65D-D486C96CADFC}.Release|Any CPU.ActiveCfg = Release|Any CPU
		{83F46A04-6CAD-4215-B65D-D486C96CADFC}.Release|Any CPU.Build.0 = Release|Any CPU
		{36DB19AB-F88E-4BB1-8F83-9B32EB7C8D7B}.Debug|Any CPU.ActiveCfg = Debug|Any CPU
		{36DB19AB-F88E-4BB1-8F83-9B32EB7C8D7B}.Debug|Any CPU.Build.0 = Debug|Any CPU
		{36DB19AB-F88E-4BB1-8F83-9B32EB7C8D7B}.Release|Any CPU.ActiveCfg = Release|Any CPU
		{36DB19AB-F88E-4BB1-8F83-9B32EB7C8D7B}.Release|Any CPU.Build.0 = Release|Any CPU
		{E13B5196-54B6-4A47-B0FF-8EAB8A568FF8}.Debug|Any CPU.ActiveCfg = Debug|Any CPU
		{E13B5196-54B6-4A47-B0FF-8EAB8A568FF8}.Debug|Any CPU.Build.0 = Debug|Any CPU
		{E13B5196-54B6-4A47-B0FF-8EAB8A568FF8}.Release|Any CPU.ActiveCfg = Release|Any CPU
		{E13B5196-54B6-4A47-B0FF-8EAB8A568FF8}.Release|Any CPU.Build.0 = Release|Any CPU
		{96EA17FA-0FE5-479F-BE41-0AAEACE7A33E}.Debug|Any CPU.ActiveCfg = Debug|Any CPU
		{96EA17FA-0FE5-479F-BE41-0AAEACE7A33E}.Debug|Any CPU.Build.0 = Debug|Any CPU
		{96EA17FA-0FE5-479F-BE41-0AAEACE7A33E}.Release|Any CPU.ActiveCfg = Release|Any CPU
		{96EA17FA-0FE5-479F-BE41-0AAEACE7A33E}.Release|Any CPU.Build.0 = Release|Any CPU
		{F8CECB4A-8B9C-48CD-84E6-C570BD1B3D97}.Debug|Any CPU.ActiveCfg = Debug|Any CPU
		{F8CECB4A-8B9C-48CD-84E6-C570BD1B3D97}.Debug|Any CPU.Build.0 = Debug|Any CPU
		{F8CECB4A-8B9C-48CD-84E6-C570BD1B3D97}.Release|Any CPU.ActiveCfg = Release|Any CPU
		{F8CECB4A-8B9C-48CD-84E6-C570BD1B3D97}.Release|Any CPU.Build.0 = Release|Any CPU
		{04A49164-0C5C-4D42-8536-11CD4605FD0C}.Debug|Any CPU.ActiveCfg = Debug|Any CPU
		{04A49164-0C5C-4D42-8536-11CD4605FD0C}.Debug|Any CPU.Build.0 = Debug|Any CPU
		{04A49164-0C5C-4D42-8536-11CD4605FD0C}.Release|Any CPU.ActiveCfg = Release|Any CPU
		{04A49164-0C5C-4D42-8536-11CD4605FD0C}.Release|Any CPU.Build.0 = Release|Any CPU
		{078AD16D-4D36-4BF2-8D6C-C1D4C535A972}.Debug|Any CPU.ActiveCfg = Debug|Any CPU
		{078AD16D-4D36-4BF2-8D6C-C1D4C535A972}.Debug|Any CPU.Build.0 = Debug|Any CPU
		{078AD16D-4D36-4BF2-8D6C-C1D4C535A972}.Release|Any CPU.ActiveCfg = Release|Any CPU
		{078AD16D-4D36-4BF2-8D6C-C1D4C535A972}.Release|Any CPU.Build.0 = Release|Any CPU
	EndGlobalSection
	GlobalSection(SolutionProperties) = preSolution
		HideSolutionNode = FALSE
	EndGlobalSection
	GlobalSection(NestedProjects) = preSolution
		{82E44C45-D8FD-4A92-97F0-86B264768F70} = {28071E69-8933-4C76-A783-8FE95843A90F}
		{83F46A04-6CAD-4215-B65D-D486C96CADFC} = {28071E69-8933-4C76-A783-8FE95843A90F}
		{36DB19AB-F88E-4BB1-8F83-9B32EB7C8D7B} = {28071E69-8933-4C76-A783-8FE95843A90F}
		{E13B5196-54B6-4A47-B0FF-8EAB8A568FF8} = {28071E69-8933-4C76-A783-8FE95843A90F}
		{96EA17FA-0FE5-479F-BE41-0AAEACE7A33E} = {1C6C7804-C755-47BB-849E-CA4AD4AE1F73}
		{F8CECB4A-8B9C-48CD-84E6-C570BD1B3D97} = {28071E69-8933-4C76-A783-8FE95843A90F}
		{04A49164-0C5C-4D42-8536-11CD4605FD0C} = {60AD0594-5947-454D-8EF3-433FF2BBA362}
		{078AD16D-4D36-4BF2-8D6C-C1D4C535A972} = {611525AD-B129-4B99-A3E0-C3767A9FF814}
	EndGlobalSection
	GlobalSection(ExtensibilityGlobals) = postSolution
		SolutionGuid = {7CBF14C6-565E-4749-9701-644912AB1EFA}
	EndGlobalSection
EndGlobal
